
Microsoft Visual Studio Solution File, Format Version 12.00
# Visual Studio 15
Project("{FAE04EC0-301F-11D3-BF4B-00C04F79EFBC}") = "waves-bridge-oracle", "waves-bridge-oracle.csproj", "{4194A23A-58D5-40E1-9BF8-BB50C41D998A}"
EndProject
Global
	GlobalSection(SolutionConfigurationPlatforms) = preSolution
		Debug|anycpu = Debug|anycpu
		Release|anycpu = Release|anycpu
	EndGlobalSection
	GlobalSection(ProjectConfigurationPlatforms) = postSolution
		{4194A23A-58D5-40E1-9BF8-BB50C41D998A}.Debug|anycpu.ActiveCfg = Debug|anycpu
		{4194A23A-58D5-40E1-9BF8-BB50C41D998A}.Debug|anycpu.Build.0 = Debug|anycpu
		{4194A23A-58D5-40E1-9BF8-BB50C41D998A}.Release|anycpu.ActiveCfg = Release|anycpu
		{4194A23A-58D5-40E1-9BF8-BB50C41D998A}.Release|anycpu.Build.0 = Release|anycpu
	EndGlobalSection
EndGlobal
